
Microsoft Visual Studio Solution File, Format Version 12.00
# Visual Studio Version 17
VisualStudioVersion = 17.11.35222.181
MinimumVisualStudioVersion = 10.0.40219.1
Project("{FAE04EC0-301F-11D3-BF4B-00C04F79EFBC}") = "OOP_AS2_NicoletteSairylle_Gonio", "OOP_AS2_NicoletteSairylle_Gonio\OOP_AS2_NicoletteSairylle_Gonio.csproj", "{2FB1E828-DBD7-4D44-8D84-71D8C54A4EA9}"
EndProject
Global
	GlobalSection(SolutionConfigurationPlatforms) = preSolution
		Debug|Any CPU = Debug|Any CPU
		Release|Any CPU = Release|Any CPU
	EndGlobalSection
	GlobalSection(ProjectConfigurationPlatforms) = postSolution
		{2FB1E828-DBD7-4D44-8D84-71D8C54A4EA9}.Debug|Any CPU.ActiveCfg = Debug|Any CPU
		{2FB1E828-DBD7-4D44-8D84-71D8C54A4EA9}.Debug|Any CPU.Build.0 = Debug|Any CPU
		{2FB1E828-DBD7-4D44-8D84-71D8C54A4EA9}.Release|Any CPU.ActiveCfg = Release|Any CPU
		{2FB1E828-DBD7-4D44-8D84-71D8C54A4EA9}.Release|Any CPU.Build.0 = Release|Any CPU
	EndGlobalSection
	GlobalSection(SolutionProperties) = preSolution
		HideSolutionNode = FALSE
	EndGlobalSection
	GlobalSection(ExtensibilityGlobals) = postSolution
		SolutionGuid = {D193316F-6677-4F8D-9502-DB0A17CDD9D6}
	EndGlobalSection
EndGlobal
